
Microsoft Visual Studio Solution File, Format Version 12.00
# Visual Studio 2013
VisualStudioVersion = 12.0.30501.0
MinimumVisualStudioVersion = 10.0.40219.1
Project("{FAE04EC0-301F-11D3-BF4B-00C04F79EFBC}") = "PhotoLapse", "PhotoLapse\PhotoLapse.csproj", "{3ABD00F7-E043-46D4-A542-EF826BC5A24A}"
EndProject
Project("{FAE04EC0-301F-11D3-BF4B-00C04F79EFBC}") = "PhotoLapseTests", "PhotoLapseTests\PhotoLapseTests.csproj", "{BFED9CE4-E519-4B37-BF7B-B6B4F0A9294C}"
EndProject
Global
	GlobalSection(SolutionConfigurationPlatforms) = preSolution
		Debug|Any CPU = Debug|Any CPU
		Release|Any CPU = Release|Any CPU
	EndGlobalSection
	GlobalSection(ProjectConfigurationPlatforms) = postSolution
		{3ABD00F7-E043-46D4-A542-EF826BC5A24A}.Debug|Any CPU.ActiveCfg = Debug|Any CPU
		{3ABD00F7-E043-46D4-A542-EF826BC5A24A}.Debug|Any CPU.Build.0 = Debug|Any CPU
		{3ABD00F7-E043-46D4-A542-EF826BC5A24A}.Release|Any CPU.ActiveCfg = Release|Any CPU
		{3ABD00F7-E043-46D4-A542-EF826BC5A24A}.Release|Any CPU.Build.0 = Release|Any CPU
		{BFED9CE4-E519-4B37-BF7B-B6B4F0A9294C}.Debug|Any CPU.ActiveCfg = Debug|Any CPU
		{BFED9CE4-E519-4B37-BF7B-B6B4F0A9294C}.Debug|Any CPU.Build.0 = Debug|Any CPU
		{BFED9CE4-E519-4B37-BF7B-B6B4F0A9294C}.Release|Any CPU.ActiveCfg = Release|Any CPU
		{BFED9CE4-E519-4B37-BF7B-B6B4F0A9294C}.Release|Any CPU.Build.0 = Release|Any CPU
	EndGlobalSection
	GlobalSection(SolutionProperties) = preSolution
		HideSolutionNode = FALSE
	EndGlobalSection
EndGlobal
